// !$*UTF8*$!
{
	archiveVersion = 1;
	classes = {
	};
	objectVersion = 50;
	objects = {

/* Begin PBXBuildFile section */
		AA11DCCC23C851850029286E /* AppDelegate.swift in Sources */ = {isa = PBXBuildFile; fileRef = AA11DCCB23C851850029286E /* AppDelegate.swift */; };
		AA11DCCE23C851850029286E /* SceneDelegate.swift in Sources */ = {isa = PBXBuildFile; fileRef = AA11DCCD23C851850029286E /* SceneDelegate.swift */; };
		AA11DCD023C851850029286E /* ContentView.swift in Sources */ = {isa = PBXBuildFile; fileRef = AA11DCCF23C851850029286E /* ContentView.swift */; };
		AA11DCD223C851870029286E /* Assets.xcassets in Resources */ = {isa = PBXBuildFile; fileRef = AA11DCD123C851870029286E /* Assets.xcassets */; };
		AA11DCD523C851870029286E /* Preview Assets.xcassets in Resources */ = {isa = PBXBuildFile; fileRef = AA11DCD423C851870029286E /* Preview Assets.xcassets */; };
		AA11DCD823C851870029286E /* LaunchScreen.storyboard in Resources */ = {isa = PBXBuildFile; fileRef = AA11DCD623C851870029286E /* LaunchScreen.storyboard */; };
		AA11DCE123C852AE0029286E /* UnderlineTextField.swift in Sources */ = {isa = PBXBuildFile; fileRef = AA11DCE023C852AE0029286E /* UnderlineTextField.swift */; };
		AAAD5BD623D4397D00701C3D /* CircularSlider.swift in Sources */ = {isa = PBXBuildFile; fileRef = AAAD5BD523D4397D00701C3D /* CircularSlider.swift */; };
/* End PBXBuildFile section */

/* Begin PBXFileReference section */
		AA11DCC823C851850029286E /* ViewSample.app */ = {isa = PBXFileReference; explicitFileType = wrapper.application; includeInIndex = 0; path = ViewSample.app; sourceTree = BUILT_PRODUCTS_DIR; };
		AA11DCCB23C851850029286E /* AppDelegate.swift */ = {isa = PBXFileReference; lastKnownFileType = sourcecode.swift; path = AppDelegate.swift; sourceTree = "<group>"; };
		AA11DCCD23C851850029286E /* SceneDelegate.swift */ = {isa = PBXFileReference; lastKnownFileType = sourcecode.swift; path = SceneDelegate.swift; sourceTree = "<group>"; };
		AA11DCCF23C851850029286E /* ContentView.swift */ = {isa = PBXFileReference; lastKnownFileType = sourcecode.swift; path = ContentView.swift; sourceTree = "<group>"; };
		AA11DCD123C851870029286E /* Assets.xcassets */ = {isa = PBXFileReference; lastKnownFileType = folder.assetcatalog; path = Assets.xcassets; sourceTree = "<group>"; };
		AA11DCD423C851870029286E /* Preview Assets.xcassets */ = {isa = PBXFileReference; lastKnownFileType = folder.assetcatalog; path = "Preview Assets.xcassets"; sourceTree = "<group>"; };
		AA11DCD723C851870029286E /* Base */ = {isa = PBXFileReference; lastKnownFileType = file.storyboard; name = Base; path = Base.lproj/LaunchScreen.storyboard; sourceTree = "<group>"; };
		AA11DCD923C851870029286E /* Info.plist */ = {isa = PBXFileReference; lastKnownFileType = text.plist.xml; path = Info.plist; sourceTree = "<group>"; };
		AA11DCE023C852AE0029286E /* UnderlineTextField.swift */ = {isa = PBXFileReference; lastKnownFileType = sourcecode.swift; path = UnderlineTextField.swift; sourceTree = "<group>"; };
		AAAD5BD523D4397D00701C3D /* CircularSlider.swift */ = {isa = PBXFileReference; lastKnownFileType = sourcecode.swift; path = CircularSlider.swift; sourceTree = "<group>"; };
/* End PBXFileReference section */

/* Begin PBXFrameworksBuildPhase section */
		AA11DCC523C851850029286E /* Frameworks */ = {
			isa = PBXFrameworksBuildPhase;
			buildActionMask = 2147483647;
			files = (
			);
			runOnlyForDeploymentPostprocessing = 0;
		};
/* End PBXFrameworksBuildPhase section */

/* Begin PBXGroup section */
		AA11DCBF23C851850029286E = {
			isa = PBXGroup;
			children = (
				AA11DCCA23C851850029286E /* ViewSample */,
				AA11DCC923C851850029286E /* Products */,
			);
			sourceTree = "<group>";
		};
		AA11DCC923C851850029286E /* Products */ = {
			isa = PBXGroup;
			children = (
				AA11DCC823C851850029286E /* ViewSample.app */,
			);
			name = Products;
			sourceTree = "<group>";
		};
		AA11DCCA23C851850029286E /* ViewSample */ = {
			isa = PBXGroup;
			children = (
				AA11DCDF23C851D50029286E /* Components */,
				AA11DCCB23C851850029286E /* AppDelegate.swift */,
				AA11DCCD23C851850029286E /* SceneDelegate.swift */,
				AA11DCCF23C851850029286E /* ContentView.swift */,
				AA11DCD123C851870029286E /* Assets.xcassets */,
				AA11DCD623C851870029286E /* LaunchScreen.storyboard */,
				AA11DCD923C851870029286E /* Info.plist */,
				AA11DCD323C851870029286E /* Preview Content */,
			);
			path = ViewSample;
			sourceTree = "<group>";
		};
		AA11DCD323C851870029286E /* Preview Content */ = {
			isa = PBXGroup;
			children = (
				AA11DCD423C851870029286E /* Preview Assets.xcassets */,
			);
			path = "Preview Content";
			sourceTree = "<group>";
		};
		AA11DCDF23C851D50029286E /* Components */ = {
			isa = PBXGroup;
			children = (
				AA11DCE023C852AE0029286E /* UnderlineTextField.swift */,
				AAAD5BD523D4397D00701C3D /* CircularSlider.swift */,
			);
			path = Components;
			sourceTree = "<group>";
		};
/* End PBXGroup section */

/* Begin PBXNativeTarget section */
		AA11DCC723C851850029286E /* ViewSample */ = {
			isa = PBXNativeTarget;
			buildConfigurationList = AA11DCDC23C851870029286E /* Build configuration list for PBXNativeTarget "ViewSample" */;
			buildPhases = (
				AA11DCC423C851850029286E /* Sources */,
				AA11DCC523C851850029286E /* Frameworks */,
				AA11DCC623C851850029286E /* Resources */,
			);
			buildRules = (
			);
			dependencies = (
			);
			name = ViewSample;
			productName = ViewSample;
			productReference = AA11DCC823C851850029286E /* ViewSample.app */;
			productType = "com.apple.product-type.application";
		};
/* End PBXNativeTarget section */

/* Begin PBXProject section */
		AA11DCC023C851850029286E /* Project object */ = {
			isa = PBXProject;
			attributes = {
				LastSwiftUpdateCheck = 1130;
				LastUpgradeCheck = 1130;
				TargetAttributes = {
					AA11DCC723C851850029286E = {
						CreatedOnToolsVersion = 11.3;
					};
				};
			};
			buildConfigurationList = AA11DCC323C851850029286E /* Build configuration list for PBXProject "ViewSample" */;
			compatibilityVersion = "Xcode 9.3";
			developmentRegion = en;
			hasScannedForEncodings = 0;
			knownRegions = (
				en,
				Base,
			);
			mainGroup = AA11DCBF23C851850029286E;
			productRefGroup = AA11DCC923C851850029286E /* Products */;
			projectDirPath = "";
			projectRoot = "";
			targets = (
				AA11DCC723C851850029286E /* ViewSample */,
			);
		};
/* End PBXProject section */

/* Begin PBXResourcesBuildPhase section */
		AA11DCC623C851850029286E /* Resources */ = {
			isa = PBXResourcesBuildPhase;
			buildActionMask = 2147483647;
			files = (
				AA11DCD823C851870029286E /* LaunchScreen.storyboard in Resources */,
				AA11DCD523C851870029286E /* Preview Assets.xcassets in Resources */,
				AA11DCD223C851870029286E /* Assets.xcassets in Resources */,
			);
			runOnlyForDeploymentPostprocessing = 0;
		};
/* End PBXResourcesBuildPhase section */

/* Begin PBXSourcesBuildPhase section */
		AA11DCC423C851850029286E /* Sources */ = {
			isa = PBXSourcesBuildPhase;
			buildActionMask = 2147483647;
			files = (
				AA11DCCC23C851850029286E /* AppDelegate.swift in Sources */,
				AA11DCCE23C851850029286E /* SceneDelegate.swift in Sources */,
				AA11DCE123C852AE0029286E /* UnderlineTextField.swift in Sources */,
				AA11DCD023C851850029286E /* ContentView.swift in Sources */,
				AAAD5BD623D4397D00701C3D /* CircularSlider.swift in Sources */,
			);
			runOnlyForDeploymentPostprocessing = 0;
		};
/* End PBXSourcesBuildPhase section */

/* Begin PBXVariantGroup section */
		AA11DCD623C851870029286E /* LaunchScreen.storyboard */ = {
			isa = PBXVariantGroup;
			children = (
				AA11DCD723C851870029286E /* Base */,
			);
			name = LaunchScreen.storyboard;
			sourceTree = "<group>";
		};
/* End PBXVariantGroup section */

/* Begin XCBuildConfiguration section */
		AA11DCDA23C851870029286E /* Debug */ = {
			isa = XCBuildConfiguration;
			buildSettings = {
				ALWAYS_SEARCH_USER_PATHS = NO;
				CLANG_ANALYZER_NONNULL = YES;
				CLANG_ANALYZER_NUMBER_OBJECT_CONVERSION = YES_AGGRESSIVE;
				CLANG_CXX_LANGUAGE_STANDARD = "gnu++14";
				CLANG_CXX_LIBRARY = "libc++";
				CLANG_ENABLE_MODULES = YES;
				CLANG_ENABLE_OBJC_ARC = YES;
				CLANG_ENABLE_OBJC_WEAK = YES;
				CLANG_WARN_BLOCK_CAPTURE_AUTORELEASING = YES;
				CLANG_WARN_BOOL_CONVERSION = YES;
				CLANG_WARN_COMMA = YES;
				CLANG_WARN_CONSTANT_CONVERSION = YES;
				CLANG_WARN_DEPRECATED_OBJC_IMPLEMENTATIONS = YES;
				CLANG_WARN_DIRECT_OBJC_ISA_USAGE = YES_ERROR;
				CLANG_WARN_DOCUMENTATION_COMMENTS = YES;
				CLANG_WARN_EMPTY_BODY = YES;
				CLANG_WARN_ENUM_CONVERSION = YES;
				CLANG_WARN_INFINITE_RECURSION = YES;
				CLANG_WARN_INT_CONVERSION = YES;
				CLANG_WARN_NON_LITERAL_NULL_CONVERSION = YES;
				CLANG_WARN_OBJC_IMPLICIT_RETAIN_SELF = YES;
				CLANG_WARN_OBJC_LITERAL_CONVERSION = YES;
				CLANG_WARN_OBJC_ROOT_CLASS = YES_ERROR;
				CLANG_WARN_RANGE_LOOP_ANALYSIS = YES;
				CLANG_WARN_STRICT_PROTOTYPES = YES;
				CLANG_WARN_SUSPICIOUS_MOVE = YES;
				CLANG_WARN_UNGUARDED_AVAILABILITY = YES_AGGRESSIVE;
				CLANG_WARN_UNREACHABLE_CODE = YES;
				CLANG_WARN__DUPLICATE_METHOD_MATCH = YES;
				COPY_PHASE_STRIP = NO;
				DEBUG_INFORMATION_FORMAT = dwarf;
				ENABLE_STRICT_OBJC_MSGSEND = YES;
				ENABLE_TESTABILITY = YES;
				GCC_C_LANGUAGE_STANDARD = gnu11;
				GCC_DYNAMIC_NO_PIC = NO;
				GCC_NO_COMMON_BLOCKS = YES;
				GCC_OPTIMIZATION_LEVEL = 0;
				GCC_PREPROCESSOR_DEFINITIONS = (
					"DEBUG=1",
					"$(inherited)",
				);
				GCC_WARN_64_TO_32_BIT_CONVERSION = YES;
				GCC_WARN_ABOUT_RETURN_TYPE = YES_ERROR;
				GCC_WARN_UNDECLARED_SELECTOR = YES;
				GCC_WARN_UNINITIALIZED_AUTOS = YES_AGGRESSIVE;
				GCC_WARN_UNUSED_FUNCTION = YES;
				GCC_WARN_UNUSED_VARIABLE = YES;
				IPHONEOS_DEPLOYMENT_TARGET = 13.2;
				MTL_ENABLE_DEBUG_INFO = INCLUDE_SOURCE;
				MTL_FAST_MATH = YES;
				ONLY_ACTIVE_ARCH = YES;
				SDKROOT = iphoneos;
				SWIFT_ACTIVE_COMPILATION_CONDITIONS = DEBUG;
				SWIFT_OPTIMIZATION_LEVEL = "-Onone";
			};
			name = Debug;
		};
		AA11DCDB23C851870029286E /* Release */ = {
			isa = XCBuildConfiguration;
			buildSettings = {
				ALWAYS_SEARCH_USER_PATHS = NO;
				CLANG_ANALYZER_NONNULL = YES;
				CLANG_ANALYZER_NUMBER_OBJECT_CONVERSION = YES_AGGRESSIVE;
				CLANG_CXX_LANGUAGE_STANDARD = "gnu++14";
				CLANG_CXX_LIBRARY = "libc++";
				CLANG_ENABLE_MODULES = YES;
				CLANG_ENABLE_OBJC_ARC = YES;
				CLANG_ENABLE_OBJC_WEAK = YES;
				CLANG_WARN_BLOCK_CAPTURE_AUTORELEASING = YES;
				CLANG_WARN_BOOL_CONVERSION = YES;
				CLANG_WARN_COMMA = YES;
				CLANG_WARN_CONSTANT_CONVERSION = YES;
				CLANG_WARN_DEPRECATED_OBJC_IMPLEMENTATIONS = YES;
				CLANG_WARN_DIRECT_OBJC_ISA_USAGE = YES_ERROR;
				CLANG_WARN_DOCUMENTATION_COMMENTS = YES;
				CLANG_WARN_EMPTY_BODY = YES;
				CLANG_WARN_ENUM_CONVERSION = YES;
				CLANG_WARN_INFINITE_RECURSION = YES;
				CLANG_WARN_INT_CONVERSION = YES;
				CLANG_WARN_NON_LITERAL_NULL_CONVERSION = YES;
				CLANG_WARN_OBJC_IMPLICIT_RETAIN_SELF = YES;
				CLANG_WARN_OBJC_LITERAL_CONVERSION = YES;
				CLANG_WARN_OBJC_ROOT_CLASS = YES_ERROR;
				CLANG_WARN_RANGE_LOOP_ANALYSIS = YES;
				CLANG_WARN_STRICT_PROTOTYPES = YES;
				CLANG_WARN_SUSPICIOUS_MOVE = YES;
				CLANG_WARN_UNGUARDED_AVAILABILITY = YES_AGGRESSIVE;
				CLANG_WARN_UNREACHABLE_CODE = YES;
				CLANG_WARN__DUPLICATE_METHOD_MATCH = YES;
				COPY_PHASE_STRIP = NO;
				DEBUG_INFORMATION_FORMAT = "dwarf-with-dsym";
				ENABLE_NS_ASSERTIONS = NO;
				ENABLE_STRICT_OBJC_MSGSEND = YES;
				GCC_C_LANGUAGE_STANDARD = gnu11;
				GCC_NO_COMMON_BLOCKS = YES;
				GCC_WARN_64_TO_32_BIT_CONVERSION = YES;
				GCC_WARN_ABOUT_RETURN_TYPE = YES_ERROR;
				GCC_WARN_UNDECLARED_SELECTOR = YES;
				GCC_WARN_UNINITIALIZED_AUTOS = YES_AGGRESSIVE;
				GCC_WARN_UNUSED_FUNCTION = YES;
				GCC_WARN_UNUSED_VARIABLE = YES;
				IPHONEOS_DEPLOYMENT_TARGET = 13.2;
				MTL_ENABLE_DEBUG_INFO = NO;
				MTL_FAST_MATH = YES;
				SDKROOT = iphoneos;
				SWIFT_COMPILATION_MODE = wholemodule;
				SWIFT_OPTIMIZATION_LEVEL = "-O";
				VALIDATE_PRODUCT = YES;
			};
			name = Release;
		};
		AA11DCDD23C851870029286E /* Debug */ = {
			isa = XCBuildConfiguration;
			buildSettings = {
				ASSETCATALOG_COMPILER_APPICON_NAME = AppIcon;
				CODE_SIGN_STYLE = Manual;
				DEVELOPMENT_ASSET_PATHS = "\"ViewSample/Preview Content\"";
				DEVELOPMENT_TEAM = "";
				ENABLE_PREVIEWS = YES;
				INFOPLIST_FILE = ViewSample/Info.plist;
				LD_RUNPATH_SEARCH_PATHS = (
					"$(inherited)",
					"@executable_path/Frameworks",
				);
				PRODUCT_BUNDLE_IDENTIFIER = com.hokuron.ViewSample;
				PRODUCT_NAME = "$(TARGET_NAME)";
				PROVISIONING_PROFILE_SPECIFIER = "";
				SWIFT_VERSION = 5.0;
				TARGETED_DEVICE_FAMILY = "1,2";
			};
			name = Debug;
		};
		AA11DCDE23C851870029286E /* Release */ = {
			isa = XCBuildConfiguration;
			buildSettings = {
				ASSETCATALOG_COMPILER_APPICON_NAME = AppIcon;
				CODE_SIGN_STYLE = Manual;
				DEVELOPMENT_ASSET_PATHS = "\"ViewSample/Preview Content\"";
				DEVELOPMENT_TEAM = "";
				ENABLE_PREVIEWS = YES;
				INFOPLIST_FILE = ViewSample/Info.plist;
				LD_RUNPATH_SEARCH_PATHS = (
					"$(inherited)",
					"@executable_path/Frameworks",
				);
				PRODUCT_BUNDLE_IDENTIFIER = com.hokuron.ViewSample;
				PRODUCT_NAME = "$(TARGET_NAME)";
				PROVISIONING_PROFILE_SPECIFIER = "";
				SWIFT_VERSION = 5.0;
				TARGETED_DEVICE_FAMILY = "1,2";
			};
			name = Release;
		};
/* End XCBuildConfiguration section */

/* Begin XCConfigurationList section */
		AA11DCC323C851850029286E /* Build configuration list for PBXProject "ViewSample" */ = {
			isa = XCConfigurationList;
			buildConfigurations = (
				AA11DCDA23C851870029286E /* Debug */,
				AA11DCDB23C851870029286E /* Release */,
			);
			defaultConfigurationIsVisible = 0;
			defaultConfigurationName = Release;
		};
		AA11DCDC23C851870029286E /* Build configuration list for PBXNativeTarget "ViewSample" */ = {
			isa = XCConfigurationList;
			buildConfigurations = (
				AA11DCDD23C851870029286E /* Debug */,
				AA11DCDE23C851870029286E /* Release */,
			);
			defaultConfigurationIsVisible = 0;
			defaultConfigurationName = Release;
		};
/* End XCConfigurationList section */
	};
	rootObject = AA11DCC023C851850029286E /* Project object */;
}
